
Microsoft Visual Studio Solution File, Format Version 12.00
# Visual Studio Version 17
VisualStudioVersion = 17.1.32421.90
MinimumVisualStudioVersion = 10.0.40219.1
Project("{9A19103F-16F7-4668-BE54-9A1E7A4F7556}") = "CounterClock", "CounterClock.csproj", "{09964B0A-2750-4AFB-AF5B-1E9D8381B455}"
EndProject
Project("{FAE04EC0-301F-11D3-BF4B-00C04F79EFBC}") = "CounterClockTests", "..\TestProject1\CounterClockTests.csproj", "{A36B1AE8-A7A4-45EE-91BF-6BC91660756B}"
EndProject
Global
	GlobalSection(SolutionConfigurationPlatforms) = preSolution
		Debug|Any CPU = Debug|Any CPU
		Release|Any CPU = Release|Any CPU
	EndGlobalSection
	GlobalSection(ProjectConfigurationPlatforms) = postSolution
		{09964B0A-2750-4AFB-AF5B-1E9D8381B455}.Debug|Any CPU.ActiveCfg = Debug|Any CPU
		{09964B0A-2750-4AFB-AF5B-1E9D8381B455}.Debug|Any CPU.Build.0 = Debug|Any CPU
		{09964B0A-2750-4AFB-AF5B-1E9D8381B455}.Release|Any CPU.ActiveCfg = Release|Any CPU
		{09964B0A-2750-4AFB-AF5B-1E9D8381B455}.Release|Any CPU.Build.0 = Release|Any CPU
		{A36B1AE8-A7A4-45EE-91BF-6BC91660756B}.Debug|Any CPU.ActiveCfg = Debug|Any CPU
		{A36B1AE8-A7A4-45EE-91BF-6BC91660756B}.Debug|Any CPU.Build.0 = Debug|Any CPU
		{A36B1AE8-A7A4-45EE-91BF-6BC91660756B}.Release|Any CPU.ActiveCfg = Release|Any CPU
		{A36B1AE8-A7A4-45EE-91BF-6BC91660756B}.Release|Any CPU.Build.0 = Release|Any CPU
	EndGlobalSection
	GlobalSection(SolutionProperties) = preSolution
		HideSolutionNode = FALSE
	EndGlobalSection
	GlobalSection(ExtensibilityGlobals) = postSolution
		SolutionGuid = {25F909CB-7CF5-4123-BB52-837D40C94FFE}
	EndGlobalSection
EndGlobal
