
Microsoft Visual Studio Solution File, Format Version 12.00
# Visual Studio Version 17
VisualStudioVersion = 17.2.32519.379
MinimumVisualStudioVersion = 10.0.40219.1
Project("{FAE04EC0-301F-11D3-BF4B-00C04F79EFBC}") = "WinFormsApp1", "WinFormsApp1.csproj", "{C977C99F-8EAC-4529-A4E1-B8A333365CE1}"
EndProject
Global
	GlobalSection(SolutionConfigurationPlatforms) = preSolution
		Debug|Any CPU = Debug|Any CPU
		Release|Any CPU = Release|Any CPU
	EndGlobalSection
	GlobalSection(ProjectConfigurationPlatforms) = postSolution
		{C977C99F-8EAC-4529-A4E1-B8A333365CE1}.Debug|Any CPU.ActiveCfg = Debug|Any CPU
		{C977C99F-8EAC-4529-A4E1-B8A333365CE1}.Debug|Any CPU.Build.0 = Debug|Any CPU
		{C977C99F-8EAC-4529-A4E1-B8A333365CE1}.Release|Any CPU.ActiveCfg = Release|Any CPU
		{C977C99F-8EAC-4529-A4E1-B8A333365CE1}.Release|Any CPU.Build.0 = Release|Any CPU
	EndGlobalSection
	GlobalSection(SolutionProperties) = preSolution
		HideSolutionNode = FALSE
	EndGlobalSection
	GlobalSection(ExtensibilityGlobals) = postSolution
		SolutionGuid = {C82F0F61-9CCF-4BAE-9280-06AFB1F95C0A}
	EndGlobalSection
EndGlobal
