
Microsoft Visual Studio Solution File, Format Version 12.00
# Visual Studio Version 17
VisualStudioVersion = 17.1.32421.90
MinimumVisualStudioVersion = 10.0.40219.1
Project("{FAE04EC0-301F-11D3-BF4B-00C04F79EFBC}") = "Iteration1", "Iteration1.csproj", "{EFAE933D-2413-41A7-AC04-9C2915B43666}"
EndProject
Global
	GlobalSection(SolutionConfigurationPlatforms) = preSolution
		Debug|Any CPU = Debug|Any CPU
		Release|Any CPU = Release|Any CPU
	EndGlobalSection
	GlobalSection(ProjectConfigurationPlatforms) = postSolution
		{EFAE933D-2413-41A7-AC04-9C2915B43666}.Debug|Any CPU.ActiveCfg = Debug|Any CPU
		{EFAE933D-2413-41A7-AC04-9C2915B43666}.Debug|Any CPU.Build.0 = Debug|Any CPU
		{EFAE933D-2413-41A7-AC04-9C2915B43666}.Release|Any CPU.ActiveCfg = Release|Any CPU
		{EFAE933D-2413-41A7-AC04-9C2915B43666}.Release|Any CPU.Build.0 = Release|Any CPU
	EndGlobalSection
	GlobalSection(SolutionProperties) = preSolution
		HideSolutionNode = FALSE
	EndGlobalSection
	GlobalSection(ExtensibilityGlobals) = postSolution
		SolutionGuid = {727ECE97-4AC7-4FAF-8D3A-F6CBE7F95A65}
	EndGlobalSection
EndGlobal
