
Microsoft Visual Studio Solution File, Format Version 12.00
# Visual Studio 15
Project("{FAE04EC0-301F-11D3-BF4B-00C04F79EFBC}") = "CardDemo", "CardDemo\CardDemo.csproj", "{B2931F24-A1D1-4601-A67C-51EB8FC0F084}"
EndProject
Global
	GlobalSection(SolutionConfigurationPlatforms) = preSolution
		Debug|Any CPU = Debug|Any CPU
		Release|Any CPU = Release|Any CPU
	EndGlobalSection
	GlobalSection(ProjectConfigurationPlatforms) = postSolution
		{B2931F24-A1D1-4601-A67C-51EB8FC0F084}.Debug|Any CPU.ActiveCfg = Debug|Any CPU
		{B2931F24-A1D1-4601-A67C-51EB8FC0F084}.Debug|Any CPU.Build.0 = Debug|Any CPU
		{B2931F24-A1D1-4601-A67C-51EB8FC0F084}.Release|Any CPU.ActiveCfg = Release|Any CPU
		{B2931F24-A1D1-4601-A67C-51EB8FC0F084}.Release|Any CPU.Build.0 = Release|Any CPU
	EndGlobalSection
EndGlobal
